
Microsoft Visual Studio Solution File, Format Version 12.00
# Visual Studio 14
VisualStudioVersion = 14.0.25420.1
MinimumVisualStudioVersion = 10.0.40219.1
Project("{FAE04EC0-301F-11D3-BF4B-00C04F79EFBC}") = "ShadowTest", "ShadowTest\ShadowTest.csproj", "{DAF51D2A-3D3A-4C26-B014-6992FC96BA49}"
EndProject
Global
	GlobalSection(SolutionConfigurationPlatforms) = preSolution
		Debug|Any CPU = Debug|Any CPU
		Release|Any CPU = Release|Any CPU
	EndGlobalSection
	GlobalSection(ProjectConfigurationPlatforms) = postSolution
		{DAF51D2A-3D3A-4C26-B014-6992FC96BA49}.Debug|Any CPU.ActiveCfg = Debug|Any CPU
		{DAF51D2A-3D3A-4C26-B014-6992FC96BA49}.Debug|Any CPU.Build.0 = Debug|Any CPU
		{DAF51D2A-3D3A-4C26-B014-6992FC96BA49}.Release|Any CPU.ActiveCfg = Release|Any CPU
		{DAF51D2A-3D3A-4C26-B014-6992FC96BA49}.Release|Any CPU.Build.0 = Release|Any CPU
	EndGlobalSection
	GlobalSection(SolutionProperties) = preSolution
		HideSolutionNode = FALSE
	EndGlobalSection
EndGlobal
