
Microsoft Visual Studio Solution File, Format Version 12.00
# Visual Studio 14
VisualStudioVersion = 14.0.25420.1
MinimumVisualStudioVersion = 10.0.40219.1
Project("{FAE04EC0-301F-11D3-BF4B-00C04F79EFBC}") = "SchemaValidatorSrc", "SchemaValidator\SchemaValidatorSrc.csproj", "{A9B9AB02-ED7A-45D8-8933-45D69A7D44D5}"
EndProject
Project("{FAE04EC0-301F-11D3-BF4B-00C04F79EFBC}") = "SchemaValidatorTest", "SchemaValidatorTest\SchemaValidatorTest.csproj", "{BFC26CEE-3EED-4309-A67B-AAF151DB1226}"
EndProject
Global
	GlobalSection(SolutionConfigurationPlatforms) = preSolution
		Debug|Any CPU = Debug|Any CPU
		Release|Any CPU = Release|Any CPU
	EndGlobalSection
	GlobalSection(ProjectConfigurationPlatforms) = postSolution
		{A9B9AB02-ED7A-45D8-8933-45D69A7D44D5}.Debug|Any CPU.ActiveCfg = Debug|Any CPU
		{A9B9AB02-ED7A-45D8-8933-45D69A7D44D5}.Debug|Any CPU.Build.0 = Debug|Any CPU
		{A9B9AB02-ED7A-45D8-8933-45D69A7D44D5}.Release|Any CPU.ActiveCfg = Release|Any CPU
		{A9B9AB02-ED7A-45D8-8933-45D69A7D44D5}.Release|Any CPU.Build.0 = Release|Any CPU
		{BFC26CEE-3EED-4309-A67B-AAF151DB1226}.Debug|Any CPU.ActiveCfg = Debug|Any CPU
		{BFC26CEE-3EED-4309-A67B-AAF151DB1226}.Debug|Any CPU.Build.0 = Debug|Any CPU
		{BFC26CEE-3EED-4309-A67B-AAF151DB1226}.Release|Any CPU.ActiveCfg = Release|Any CPU
		{BFC26CEE-3EED-4309-A67B-AAF151DB1226}.Release|Any CPU.Build.0 = Release|Any CPU
	EndGlobalSection
	GlobalSection(SolutionProperties) = preSolution
		HideSolutionNode = FALSE
	EndGlobalSection
EndGlobal
